
Microsoft Visual Studio Solution File, Format Version 12.00
# Visual Studio Version 17
VisualStudioVersion = 17.14.36221.1 d17.14
MinimumVisualStudioVersion = 10.0.40219.1
Project("{2150E333-8FDC-42A3-9474-1A3956D46DE8}") = "src", "src", "{02EA681E-C7D8-13C7-8484-4AC65E1B71E8}"
EndProject
Project("{2150E333-8FDC-42A3-9474-1A3956D46DE8}") = "tests", "tests", "{8CC7F8F6-3F87-4041-B38E-3BC664A34A85}"
EndProject
Project("{FAE04EC0-301F-11D3-BF4B-00C04F79EFBC}") = "CashFlow.Api", "src\CashFlow.Api\CashFlow.Api.csproj", "{762A9BD5-75DD-4D9D-A086-F90D24A46FA1}"
EndProject
Project("{FAE04EC0-301F-11D3-BF4B-00C04F79EFBC}") = "CashFlow.Application", "src\CashFlow.Application\CashFlow.Application.csproj", "{63766A67-965A-4E38-86AF-8BB74632A1DC}"
EndProject
Project("{FAE04EC0-301F-11D3-BF4B-00C04F79EFBC}") = "CashFlow.Communication", "src\CashFlow.Communication\CashFlow.Communication.csproj", "{FD05A86E-CD8D-4B06-B9D1-173C76F9C3DB}"
EndProject
Project("{FAE04EC0-301F-11D3-BF4B-00C04F79EFBC}") = "CashFlow.Domain", "src\CashFlow.Domain\CashFlow.Domain.csproj", "{DC24D882-0545-41A4-AC9D-29D23C47221E}"
EndProject
Project("{FAE04EC0-301F-11D3-BF4B-00C04F79EFBC}") = "CashFlow.Exception", "src\CashFlow.Exception\CashFlow.Exception.csproj", "{5B9C505E-EAD9-45F6-B32F-8AAF6ED25BAE}"
EndProject
Project("{FAE04EC0-301F-11D3-BF4B-00C04F79EFBC}") = "CashFlow.Infrastructure", "src\CashFlow.Infrastructure\CashFlow.Infrastructure.csproj", "{01F5066C-1D69-44A1-AA86-9BF0E3D0D1F0}"
EndProject
Global
	GlobalSection(SolutionConfigurationPlatforms) = preSolution
		Debug|Any CPU = Debug|Any CPU
		Release|Any CPU = Release|Any CPU
	EndGlobalSection
	GlobalSection(ProjectConfigurationPlatforms) = postSolution
		{762A9BD5-75DD-4D9D-A086-F90D24A46FA1}.Debug|Any CPU.ActiveCfg = Debug|Any CPU
		{762A9BD5-75DD-4D9D-A086-F90D24A46FA1}.Debug|Any CPU.Build.0 = Debug|Any CPU
		{762A9BD5-75DD-4D9D-A086-F90D24A46FA1}.Release|Any CPU.ActiveCfg = Release|Any CPU
		{762A9BD5-75DD-4D9D-A086-F90D24A46FA1}.Release|Any CPU.Build.0 = Release|Any CPU
		{63766A67-965A-4E38-86AF-8BB74632A1DC}.Debug|Any CPU.ActiveCfg = Debug|Any CPU
		{63766A67-965A-4E38-86AF-8BB74632A1DC}.Debug|Any CPU.Build.0 = Debug|Any CPU
		{63766A67-965A-4E38-86AF-8BB74632A1DC}.Release|Any CPU.ActiveCfg = Release|Any CPU
		{63766A67-965A-4E38-86AF-8BB74632A1DC}.Release|Any CPU.Build.0 = Release|Any CPU
		{FD05A86E-CD8D-4B06-B9D1-173C76F9C3DB}.Debug|Any CPU.ActiveCfg = Debug|Any CPU
		{FD05A86E-CD8D-4B06-B9D1-173C76F9C3DB}.Debug|Any CPU.Build.0 = Debug|Any CPU
		{FD05A86E-CD8D-4B06-B9D1-173C76F9C3DB}.Release|Any CPU.ActiveCfg = Release|Any CPU
		{FD05A86E-CD8D-4B06-B9D1-173C76F9C3DB}.Release|Any CPU.Build.0 = Release|Any CPU
		{DC24D882-0545-41A4-AC9D-29D23C47221E}.Debug|Any CPU.ActiveCfg = Debug|Any CPU
		{DC24D882-0545-41A4-AC9D-29D23C47221E}.Debug|Any CPU.Build.0 = Debug|Any CPU
		{DC24D882-0545-41A4-AC9D-29D23C47221E}.Release|Any CPU.ActiveCfg = Release|Any CPU
		{DC24D882-0545-41A4-AC9D-29D23C47221E}.Release|Any CPU.Build.0 = Release|Any CPU
		{5B9C505E-EAD9-45F6-B32F-8AAF6ED25BAE}.Debug|Any CPU.ActiveCfg = Debug|Any CPU
		{5B9C505E-EAD9-45F6-B32F-8AAF6ED25BAE}.Debug|Any CPU.Build.0 = Debug|Any CPU
		{5B9C505E-EAD9-45F6-B32F-8AAF6ED25BAE}.Release|Any CPU.ActiveCfg = Release|Any CPU
		{5B9C505E-EAD9-45F6-B32F-8AAF6ED25BAE}.Release|Any CPU.Build.0 = Release|Any CPU
		{01F5066C-1D69-44A1-AA86-9BF0E3D0D1F0}.Debug|Any CPU.ActiveCfg = Debug|Any CPU
		{01F5066C-1D69-44A1-AA86-9BF0E3D0D1F0}.Debug|Any CPU.Build.0 = Debug|Any CPU
		{01F5066C-1D69-44A1-AA86-9BF0E3D0D1F0}.Release|Any CPU.ActiveCfg = Release|Any CPU
		{01F5066C-1D69-44A1-AA86-9BF0E3D0D1F0}.Release|Any CPU.Build.0 = Release|Any CPU
	EndGlobalSection
	GlobalSection(SolutionProperties) = preSolution
		HideSolutionNode = FALSE
	EndGlobalSection
	GlobalSection(NestedProjects) = preSolution
		{762A9BD5-75DD-4D9D-A086-F90D24A46FA1} = {02EA681E-C7D8-13C7-8484-4AC65E1B71E8}
		{63766A67-965A-4E38-86AF-8BB74632A1DC} = {02EA681E-C7D8-13C7-8484-4AC65E1B71E8}
		{FD05A86E-CD8D-4B06-B9D1-173C76F9C3DB} = {02EA681E-C7D8-13C7-8484-4AC65E1B71E8}
		{DC24D882-0545-41A4-AC9D-29D23C47221E} = {02EA681E-C7D8-13C7-8484-4AC65E1B71E8}
		{5B9C505E-EAD9-45F6-B32F-8AAF6ED25BAE} = {02EA681E-C7D8-13C7-8484-4AC65E1B71E8}
		{01F5066C-1D69-44A1-AA86-9BF0E3D0D1F0} = {02EA681E-C7D8-13C7-8484-4AC65E1B71E8}
	EndGlobalSection
	GlobalSection(ExtensibilityGlobals) = postSolution
		SolutionGuid = {27993505-D306-4504-A14F-0EC52CE353E2}
	EndGlobalSection
EndGlobal
